
Microsoft Visual Studio Solution File, Format Version 12.00
# Visual Studio 15
VisualStudioVersion = 15.0.27004.2002
MinimumVisualStudioVersion = 10.0.40219.1
Project("{FAE04EC0-301F-11D3-BF4B-00C04F79EFBC}") = "PinWin", "PinWin\PinWin.csproj", "{7AE6966C-0686-4AC4-AFBB-9FFD7BF7B81C}"
EndProject
Project("{FAE04EC0-301F-11D3-BF4B-00C04F79EFBC}") = "PinWinTest", "PinWinTest\PinWinTest.csproj", "{A6B4E2A9-71A3-472E-BDFC-BE444B4756F6}"
EndProject
Project("{840C416C-B8F3-42BC-B0DD-F6BB14C9F8CB}") = "PinWinInstaller", "PinWinInstaller\PinWinInstaller.aiproj", "{331C1C19-8871-44EE-AD75-1B05614FFC9D}"
EndProject
Global
	GlobalSection(SolutionConfigurationPlatforms) = preSolution
		Debug|Any CPU = Debug|Any CPU
		Release|Any CPU = Release|Any CPU
	EndGlobalSection
	GlobalSection(ProjectConfigurationPlatforms) = postSolution
		{7AE6966C-0686-4AC4-AFBB-9FFD7BF7B81C}.Debug|Any CPU.ActiveCfg = Debug|Any CPU
		{7AE6966C-0686-4AC4-AFBB-9FFD7BF7B81C}.Debug|Any CPU.Build.0 = Debug|Any CPU
		{7AE6966C-0686-4AC4-AFBB-9FFD7BF7B81C}.Release|Any CPU.ActiveCfg = Release|Any CPU
		{7AE6966C-0686-4AC4-AFBB-9FFD7BF7B81C}.Release|Any CPU.Build.0 = Release|Any CPU
		{A6B4E2A9-71A3-472E-BDFC-BE444B4756F6}.Debug|Any CPU.ActiveCfg = Debug|Any CPU
		{A6B4E2A9-71A3-472E-BDFC-BE444B4756F6}.Debug|Any CPU.Build.0 = Debug|Any CPU
		{A6B4E2A9-71A3-472E-BDFC-BE444B4756F6}.Release|Any CPU.ActiveCfg = Release|Any CPU
		{A6B4E2A9-71A3-472E-BDFC-BE444B4756F6}.Release|Any CPU.Build.0 = Release|Any CPU
		{331C1C19-8871-44EE-AD75-1B05614FFC9D}.Debug|Any CPU.ActiveCfg = DefaultBuild
		{331C1C19-8871-44EE-AD75-1B05614FFC9D}.Debug|Any CPU.Build.0 = DefaultBuild
		{331C1C19-8871-44EE-AD75-1B05614FFC9D}.Release|Any CPU.ActiveCfg = DefaultBuild
		{331C1C19-8871-44EE-AD75-1B05614FFC9D}.Release|Any CPU.Build.0 = DefaultBuild
	EndGlobalSection
	GlobalSection(SolutionProperties) = preSolution
		HideSolutionNode = FALSE
	EndGlobalSection
	GlobalSection(ExtensibilityGlobals) = postSolution
		SolutionGuid = {8F2532EB-223E-4969-854E-A800ED25B2DF}
	EndGlobalSection
EndGlobal
